{
  "name": "bpmext",
  "version": "1.0.0",
  "lockfileVersion": 1,
  "requires": true,
  "dependencies": {
    "tempo-detector": {
      "version": "1.0.1",
      "resolved": "https://registry.npmjs.org/tempo-detector/-/tempo-detector-1.0.1.tgz",
      "integrity": "sha1-KI2RD7aOiG9mz6njDirzIq9L7XI="
    }
  }
}
